
Microsoft Visual Studio Solution File, Format Version 12.00
# Visual Studio Version 16
VisualStudioVersion = 16.0.31025.194
MinimumVisualStudioVersion = 10.0.40219.1
Project("{FAE04EC0-301F-11D3-BF4B-00C04F79EFBC}") = "BeaconEye", "BeaconEye.csproj", "{7C30A97D-E557-40C4-9B3F-5EE56599C858}"
EndProject
Global
	GlobalSection(SolutionConfigurationPlatforms) = preSolution
		Debug|Any CPU = Debug|Any CPU
		Debug|x64 = Debug|x64
		Release|Any CPU = Release|Any CPU
		Release|x64 = Release|x64
	EndGlobalSection
	GlobalSection(ProjectConfigurationPlatforms) = postSolution
		{7C30A97D-E557-40C4-9B3F-5EE56599C858}.Debug|Any CPU.ActiveCfg = Debug|Any CPU
		{7C30A97D-E557-40C4-9B3F-5EE56599C858}.Debug|Any CPU.Build.0 = Debug|Any CPU
		{7C30A97D-E557-40C4-9B3F-5EE56599C858}.Debug|x64.ActiveCfg = Debug|x64
		{7C30A97D-E557-40C4-9B3F-5EE56599C858}.Debug|x64.Build.0 = Debug|x64
		{7C30A97D-E557-40C4-9B3F-5EE56599C858}.Release|Any CPU.ActiveCfg = Release|Any CPU
		{7C30A97D-E557-40C4-9B3F-5EE56599C858}.Release|Any CPU.Build.0 = Release|Any CPU
		{7C30A97D-E557-40C4-9B3F-5EE56599C858}.Release|x64.ActiveCfg = Release|x64
		{7C30A97D-E557-40C4-9B3F-5EE56599C858}.Release|x64.Build.0 = Release|x64
	EndGlobalSection
	GlobalSection(SolutionProperties) = preSolution
		HideSolutionNode = FALSE
	EndGlobalSection
	GlobalSection(ExtensibilityGlobals) = postSolution
		SolutionGuid = {A0F41E69-9ECF-4F0A-A1ED-2AC52B1D2A4A}
	EndGlobalSection
EndGlobal
